
Microsoft Visual Studio Solution File, Format Version 12.00
# Visual Studio Version 17
VisualStudioVersion = 17.11.35222.181
MinimumVisualStudioVersion = 10.0.40219.1
Project("{FAE04EC0-301F-11D3-BF4B-00C04F79EFBC}") = "OOP", "OOP\OOP.csproj", "{BA77F81F-33F2-4EBF-BCE9-A0B7BD5CFBCF}"
EndProject
Global
	GlobalSection(SolutionConfigurationPlatforms) = preSolution
		Debug|Any CPU = Debug|Any CPU
		Release|Any CPU = Release|Any CPU
	EndGlobalSection
	GlobalSection(ProjectConfigurationPlatforms) = postSolution
		{BA77F81F-33F2-4EBF-BCE9-A0B7BD5CFBCF}.Debug|Any CPU.ActiveCfg = Debug|Any CPU
		{BA77F81F-33F2-4EBF-BCE9-A0B7BD5CFBCF}.Debug|Any CPU.Build.0 = Debug|Any CPU
		{BA77F81F-33F2-4EBF-BCE9-A0B7BD5CFBCF}.Release|Any CPU.ActiveCfg = Release|Any CPU
		{BA77F81F-33F2-4EBF-BCE9-A0B7BD5CFBCF}.Release|Any CPU.Build.0 = Release|Any CPU
	EndGlobalSection
	GlobalSection(SolutionProperties) = preSolution
		HideSolutionNode = FALSE
	EndGlobalSection
	GlobalSection(ExtensibilityGlobals) = postSolution
		SolutionGuid = {1893C617-5ECA-4A15-BA3A-3896D7FA1ECD}
	EndGlobalSection
EndGlobal
